{
  "name": "aws-cdk-nestjs-lambda",
  "version": "1.0.0",
  "lockfileVersion": 2,
  "requires": true,
  "packages": {
    "": {
      "name": "aws-cdk-nestjs-lambda",
      "version": "1.0.0",
      "dependencies": {
        "child_process": "^1.0.2"
      },
      "devDependencies": {
        "@tsconfig/node16": "^1.0.3",
        "@types/node": "^15.0.2",
        "aws-cdk": "2.41.0",
        "aws-cdk-lib": "2.41.0",
        "constructs": "10.1.103",
        "ts-loader": "^9.1.2",
        "typescript": "^4.2.4"
      },
      "engines": {
        "node": ">= 14.15.0"
      },
      "peerDependencies": {
        "aws-cdk": "*",
        "aws-cdk-lib": "*",
        "constructs": "*"
      }
    },
    "node_modules/@tsconfig/node16": {
      "version": "1.0.3",
      "resolved": "https://registry.npmjs.org/@tsconfig/node16/-/node16-1.0.3.tgz",
      "integrity": "sha512-yOlFc+7UtL/89t2ZhjPvvB/DeAr3r+Dq58IgzsFkOAvVC6NMJXmCGjbptdXdR9qsX7pKcTL+s87FtYREi2dEEQ==",
      "dev": true
    },
    "node_modules/@types/node": {
      "version": "15.14.9",
      "resolved": "https://registry.npmjs.org/@types/node/-/node-15.14.9.tgz",
      "integrity": "sha512-qjd88DrCxupx/kJD5yQgZdcYKZKSIGBVDIBE1/LTGcNm3d2Np/jxojkdePDdfnBHJc5W7vSMpbJ1aB7p/Py69A==",
      "dev": true
    },
    "node_modules/ansi-styles": {
      "version": "4.3.0",
      "resolved": "https://registry.npmjs.org/ansi-styles/-/ansi-styles-4.3.0.tgz",
      "integrity": "sha512-zbB9rCJAT1rbjiVDb2hqKFHNYLxgtk8NURxZ3IZwD3F6NtxbXZQCnnSi1Lkx+IDohdPlFp222wVALIheZJQSEg==",
      "dev": true,
      "dependencies": {
        "color-convert": "^2.0.1"
      },
      "engines": {
        "node": ">=8"
      },
      "funding": {
        "url": "https://github.com/chalk/ansi-styles?sponsor=1"
      }
    },
    "node_modules/aws-cdk": {
      "version": "2.41.0",
      "resolved": "https://registry.npmjs.org/aws-cdk/-/aws-cdk-2.41.0.tgz",
      "integrity": "sha512-Ubko4X8VcbaLzcXvCQZPKBtgwBq033m5sSWtdrbdlDp7s2J4uWtY6KdO1uYKAvHyWjm7kGVmDyL1Wj1zx3TPUg==",
      "dev": true,
      "bin": {
        "cdk": "bin/cdk"
      },
      "engines": {
        "node": ">= 14.15.0"
      },
      "optionalDependencies": {
        "fsevents": "2.3.2"
      }
    },
    "node_modules/aws-cdk-lib": {
      "version": "2.41.0",
      "resolved": "https://registry.npmjs.org/aws-cdk-lib/-/aws-cdk-lib-2.41.0.tgz",
      "integrity": "sha512-wh6lDaarzb8B+43TMxEBg+yHcXU9omlUGJz9zSdgjrmeQWBV8SD0jIvrERhDFvQLmRY4Vzy7FXxkI0mU+adDHQ==",
      "bundleDependencies": [
        "@balena/dockerignore",
        "case",
        "fs-extra",
        "ignore",
        "jsonschema",
        "minimatch",
        "punycode",
        "semver",
        "yaml"
      ],
      "dev": true,
      "dependencies": {
        "@balena/dockerignore": "^1.0.2",
        "case": "1.6.3",
        "fs-extra": "^9.1.0",
        "ignore": "^5.2.0",
        "jsonschema": "^1.4.1",
        "minimatch": "^3.1.2",
        "punycode": "^2.1.1",
        "semver": "^7.3.7",
        "yaml": "1.10.2"
      },
      "engines": {
        "node": ">= 14.15.0"
      },
      "peerDependencies": {
        "constructs": "^10.0.0"
      }
    },
    "node_modules/aws-cdk-lib/node_modules/@balena/dockerignore": {
      "version": "1.0.2",
      "dev": true,
      "inBundle": true,
      "license": "Apache-2.0"
    },
    "node_modules/aws-cdk-lib/node_modules/at-least-node": {
      "version": "1.0.0",
      "dev": true,
      "inBundle": true,
      "license": "ISC",
      "engines": {
        "node": ">= 4.0.0"
      }
    },
    "node_modules/aws-cdk-lib/node_modules/balanced-match": {
      "version": "1.0.2",
      "dev": true,
      "inBundle": true,
      "license": "MIT"
    },
    "node_modules/aws-cdk-lib/node_modules/brace-expansion": {
      "version": "1.1.11",
      "dev": true,
      "inBundle": true,
      "license": "MIT",
      "dependencies": {
        "balanced-match": "^1.0.0",
        "concat-map": "0.0.1"
      }
    },
    "node_modules/aws-cdk-lib/node_modules/case": {
      "version": "1.6.3",
      "dev": true,
      "inBundle": true,
      "license": "(MIT OR GPL-3.0-or-later)",
      "engines": {
        "node": ">= 0.8.0"
      }
    },
    "node_modules/aws-cdk-lib/node_modules/concat-map": {
      "version": "0.0.1",
      "dev": true,
      "inBundle": true,
      "license": "MIT"
    },
    "node_modules/aws-cdk-lib/node_modules/fs-extra": {
      "version": "9.1.0",
      "dev": true,
      "inBundle": true,
      "license": "MIT",
      "dependencies": {
        "at-least-node": "^1.0.0",
        "graceful-fs": "^4.2.0",
        "jsonfile": "^6.0.1",
        "universalify": "^2.0.0"
      },
      "engines": {
        "node": ">=10"
      }
    },
    "node_modules/aws-cdk-lib/node_modules/graceful-fs": {
      "version": "4.2.10",
      "dev": true,
      "inBundle": true,
      "license": "ISC"
    },
    "node_modules/aws-cdk-lib/node_modules/ignore": {
      "version": "5.2.0",
      "dev": true,
      "inBundle": true,
      "license": "MIT",
      "engines": {
        "node": ">= 4"
      }
    },
    "node_modules/aws-cdk-lib/node_modules/jsonfile": {
      "version": "6.1.0",
      "dev": true,
      "inBundle": true,
      "license": "MIT",
      "dependencies": {
        "universalify": "^2.0.0"
      },
      "optionalDependencies": {
        "graceful-fs": "^4.1.6"
      }
    },
    "node_modules/aws-cdk-lib/node_modules/jsonschema": {
      "version": "1.4.1",
      "dev": true,
      "inBundle": true,
      "license": "MIT",
      "engines": {
        "node": "*"
      }
    },
    "node_modules/aws-cdk-lib/node_modules/lru-cache": {
      "version": "6.0.0",
      "dev": true,
      "inBundle": true,
      "license": "ISC",
      "dependencies": {
        "yallist": "^4.0.0"
      },
      "engines": {
        "node": ">=10"
      }
    },
    "node_modules/aws-cdk-lib/node_modules/minimatch": {
      "version": "3.1.2",
      "dev": true,
      "inBundle": true,
      "license": "ISC",
      "dependencies": {
        "brace-expansion": "^1.1.7"
      },
      "engines": {
        "node": "*"
      }
    },
    "node_modules/aws-cdk-lib/node_modules/punycode": {
      "version": "2.1.1",
      "dev": true,
      "inBundle": true,
      "license": "MIT",
      "engines": {
        "node": ">=6"
      }
    },
    "node_modules/aws-cdk-lib/node_modules/semver": {
      "version": "7.3.7",
      "dev": true,
      "inBundle": true,
      "license": "ISC",
      "dependencies": {
        "lru-cache": "^6.0.0"
      },
      "bin": {
        "semver": "bin/semver.js"
      },
      "engines": {
        "node": ">=10"
      }
    },
    "node_modules/aws-cdk-lib/node_modules/universalify": {
      "version": "2.0.0",
      "dev": true,
      "inBundle": true,
      "license": "MIT",
      "engines": {
        "node": ">= 10.0.0"
      }
    },
    "node_modules/aws-cdk-lib/node_modules/yallist": {
      "version": "4.0.0",
      "dev": true,
      "inBundle": true,
      "license": "ISC"
    },
    "node_modules/aws-cdk-lib/node_modules/yaml": {
      "version": "1.10.2",
      "dev": true,
      "inBundle": true,
      "license": "ISC",
      "engines": {
        "node": ">= 6"
      }
    },
    "node_modules/braces": {
      "version": "3.0.2",
      "resolved": "https://registry.npmjs.org/braces/-/braces-3.0.2.tgz",
      "integrity": "sha512-b8um+L1RzM3WDSzvhm6gIz1yfTbBt6YTlcEKAvsmqCZZFw46z626lVj9j1yEPW33H5H+lBQpZMP1k8l+78Ha0A==",
      "dev": true,
      "dependencies": {
        "fill-range": "^7.0.1"
      },
      "engines": {
        "node": ">=8"
      }
    },
    "node_modules/chalk": {
      "version": "4.1.2",
      "resolved": "https://registry.npmjs.org/chalk/-/chalk-4.1.2.tgz",
      "integrity": "sha512-oKnbhFyRIXpUuez8iBMmyEa4nbj4IOQyuhc/wy9kY7/WVPcwIO9VA668Pu8RkO7+0G76SLROeyw9CpQ061i4mA==",
      "dev": true,
      "dependencies": {
        "ansi-styles": "^4.1.0",
        "supports-color": "^7.1.0"
      },
      "engines": {
        "node": ">=10"
      },
      "funding": {
        "url": "https://github.com/chalk/chalk?sponsor=1"
      }
    },
    "node_modules/child_process": {
      "version": "1.0.2",
      "resolved": "https://registry.npmjs.org/child_process/-/child_process-1.0.2.tgz",
      "integrity": "sha512-Wmza/JzL0SiWz7kl6MhIKT5ceIlnFPJX+lwUGj7Clhy5MMldsSoJR0+uvRzOS5Kv45Mq7t1PoE8TsOA9bzvb6g=="
    },
    "node_modules/color-convert": {
      "version": "2.0.1",
      "resolved": "https://registry.npmjs.org/color-convert/-/color-convert-2.0.1.tgz",
      "integrity": "sha512-RRECPsj7iu/xb5oKYcsFHSppFNnsj/52OVTRKb4zP5onXwVF3zVmmToNcOfGC+CRDpfK/U584fMg38ZHCaElKQ==",
      "dev": true,
      "dependencies": {
        "color-name": "~1.1.4"
      },
      "engines": {
        "node": ">=7.0.0"
      }
    },
    "node_modules/color-name": {
      "version": "1.1.4",
      "resolved": "https://registry.npmjs.org/color-name/-/color-name-1.1.4.tgz",
      "integrity": "sha512-dOy+3AuW3a2wNbZHIuMZpTcgjGuLU/uBL/ubcZF9OXbDo8ff4O8yVp5Bf0efS8uEoYo5q4Fx7dY9OgQGXgAsQA==",
      "dev": true
    },
    "node_modules/constructs": {
      "version": "10.1.103",
      "resolved": "https://registry.npmjs.org/constructs/-/constructs-10.1.103.tgz",
      "integrity": "sha512-5VUCjVnVdSK+UXujpgUGaR5/Z08U1dipj+4Wga1BPRGh/LAov6IQmX4v42YIRsWKNUnNXx6f7QHHyJK53w3GCg==",
      "dev": true,
      "engines": {
        "node": ">= 14.17.0"
      }
    },
    "node_modules/enhanced-resolve": {
      "version": "5.10.0",
      "resolved": "https://registry.npmjs.org/enhanced-resolve/-/enhanced-resolve-5.10.0.tgz",
      "integrity": "sha512-T0yTFjdpldGY8PmuXXR0PyQ1ufZpEGiHVrp7zHKB7jdR4qlmZHhONVM5AQOAWXuF/w3dnHbEQVrNptJgt7F+cQ==",
      "dev": true,
      "dependencies": {
        "graceful-fs": "^4.2.4",
        "tapable": "^2.2.0"
      },
      "engines": {
        "node": ">=10.13.0"
      }
    },
    "node_modules/fill-range": {
      "version": "7.0.1",
      "resolved": "https://registry.npmjs.org/fill-range/-/fill-range-7.0.1.tgz",
      "integrity": "sha512-qOo9F+dMUmC2Lcb4BbVvnKJxTPjCm+RRpe4gDuGrzkL7mEVl/djYSu2OdQ2Pa302N4oqkSg9ir6jaLWJ2USVpQ==",
      "dev": true,
      "dependencies": {
        "to-regex-range": "^5.0.1"
      },
      "engines": {
        "node": ">=8"
      }
    },
    "node_modules/fsevents": {
      "version": "2.3.2",
      "resolved": "https://registry.npmjs.org/fsevents/-/fsevents-2.3.2.tgz",
      "integrity": "sha512-xiqMQR4xAeHTuB9uWm+fFRcIOgKBMiOBP+eXiyT7jsgVCq1bkVygt00oASowB7EdtpOHaaPgKt812P9ab+DDKA==",
      "dev": true,
      "hasInstallScript": true,
      "optional": true,
      "os": [
        "darwin"
      ],
      "engines": {
        "node": "^8.16.0 || ^10.6.0 || >=11.0.0"
      }
    },
    "node_modules/graceful-fs": {
      "version": "4.2.10",
      "resolved": "https://registry.npmjs.org/graceful-fs/-/graceful-fs-4.2.10.tgz",
      "integrity": "sha512-9ByhssR2fPVsNZj478qUUbKfmL0+t5BDVyjShtyZZLiK7ZDAArFFfopyOTj0M05wE2tJPisA4iTnnXl2YoPvOA==",
      "dev": true
    },
    "node_modules/has-flag": {
      "version": "4.0.0",
      "resolved": "https://registry.npmjs.org/has-flag/-/has-flag-4.0.0.tgz",
      "integrity": "sha512-EykJT/Q1KjTWctppgIAgfSO0tKVuZUjhgMr17kqTumMl6Afv3EISleU7qZUzoXDFTAHTDC4NOoG/ZxU3EvlMPQ==",
      "dev": true,
      "engines": {
        "node": ">=8"
      }
    },
    "node_modules/is-number": {
      "version": "7.0.0",
      "resolved": "https://registry.npmjs.org/is-number/-/is-number-7.0.0.tgz",
      "integrity": "sha512-41Cifkg6e8TylSpdtTpeLVMqvSBEVzTttHvERD741+pnZ8ANv0004MRL43QKPDlK9cGvNp6NZWZUBlbGXYxxng==",
      "dev": true,
      "engines": {
        "node": ">=0.12.0"
      }
    },
    "node_modules/lru-cache": {
      "version": "6.0.0",
      "resolved": "https://registry.npmjs.org/lru-cache/-/lru-cache-6.0.0.tgz",
      "integrity": "sha512-Jo6dJ04CmSjuznwJSS3pUeWmd/H0ffTlkXXgwZi+eq1UCmqQwCh+eLsYOYCwY991i2Fah4h1BEMCx4qThGbsiA==",
      "dev": true,
      "dependencies": {
        "yallist": "^4.0.0"
      },
      "engines": {
        "node": ">=10"
      }
    },
    "node_modules/micromatch": {
      "version": "4.0.5",
      "resolved": "https://registry.npmjs.org/micromatch/-/micromatch-4.0.5.tgz",
      "integrity": "sha512-DMy+ERcEW2q8Z2Po+WNXuw3c5YaUSFjAO5GsJqfEl7UjvtIuFKO6ZrKvcItdy98dwFI2N1tg3zNIdKaQT+aNdA==",
      "dev": true,
      "dependencies": {
        "braces": "^3.0.2",
        "picomatch": "^2.3.1"
      },
      "engines": {
        "node": ">=8.6"
      }
    },
    "node_modules/picomatch": {
      "version": "2.3.1",
      "resolved": "https://registry.npmjs.org/picomatch/-/picomatch-2.3.1.tgz",
      "integrity": "sha512-JU3teHTNjmE2VCGFzuY8EXzCDVwEqB2a8fsIvwaStHhAWJEeVd1o1QD80CU6+ZdEXXSLbSsuLwJjkCBWqRQUVA==",
      "dev": true,
      "engines": {
        "node": ">=8.6"
      },
      "funding": {
        "url": "https://github.com/sponsors/jonschlinkert"
      }
    },
    "node_modules/semver": {
      "version": "7.3.7",
      "resolved": "https://registry.npmjs.org/semver/-/semver-7.3.7.tgz",
      "integrity": "sha512-QlYTucUYOews+WeEujDoEGziz4K6c47V/Bd+LjSSYcA94p+DmINdf7ncaUinThfvZyu13lN9OY1XDxt8C0Tw0g==",
      "dev": true,
      "dependencies": {
        "lru-cache": "^6.0.0"
      },
      "bin": {
        "semver": "bin/semver.js"
      },
      "engines": {
        "node": ">=10"
      }
    },
    "node_modules/supports-color": {
      "version": "7.2.0",
      "resolved": "https://registry.npmjs.org/supports-color/-/supports-color-7.2.0.tgz",
      "integrity": "sha512-qpCAvRl9stuOHveKsn7HncJRvv501qIacKzQlO/+Lwxc9+0q2wLyv4Dfvt80/DPn2pqOBsJdDiogXGR9+OvwRw==",
      "dev": true,
      "dependencies": {
        "has-flag": "^4.0.0"
      },
      "engines": {
        "node": ">=8"
      }
    },
    "node_modules/tapable": {
      "version": "2.2.1",
      "resolved": "https://registry.npmjs.org/tapable/-/tapable-2.2.1.tgz",
      "integrity": "sha512-GNzQvQTOIP6RyTfE2Qxb8ZVlNmw0n88vp1szwWRimP02mnTsx3Wtn5qRdqY9w2XduFNUgvOwhNnQsjwCp+kqaQ==",
      "dev": true,
      "engines": {
        "node": ">=6"
      }
    },
    "node_modules/to-regex-range": {
      "version": "5.0.1",
      "resolved": "https://registry.npmjs.org/to-regex-range/-/to-regex-range-5.0.1.tgz",
      "integrity": "sha512-65P7iz6X5yEr1cwcgvQxbbIw7Uk3gOy5dIdtZ4rDveLqhrdJP+Li/Hx6tyK0NEb+2GCyneCMJiGqrADCSNk8sQ==",
      "dev": true,
      "dependencies": {
        "is-number": "^7.0.0"
      },
      "engines": {
        "node": ">=8.0"
      }
    },
    "node_modules/ts-loader": {
      "version": "9.4.0",
      "resolved": "https://registry.npmjs.org/ts-loader/-/ts-loader-9.4.0.tgz",
      "integrity": "sha512-0G3UMhk1bjgsgiwF4rnZRAeTi69j9XMDtmDDMghGSqlWESIAS3LFgJe//GYfE4vcjbyzuURLB9Us2RZIWp2clQ==",
      "dev": true,
      "dependencies": {
        "chalk": "^4.1.0",
        "enhanced-resolve": "^5.0.0",
        "micromatch": "^4.0.0",
        "semver": "^7.3.4"
      },
      "engines": {
        "node": ">=12.0.0"
      },
      "peerDependencies": {
        "typescript": "*",
        "webpack": "^5.0.0"
      }
    },
    "node_modules/typescript": {
      "version": "4.8.3",
      "resolved": "https://registry.npmjs.org/typescript/-/typescript-4.8.3.tgz",
      "integrity": "sha512-goMHfm00nWPa8UvR/CPSvykqf6dVV8x/dp0c5mFTMTIu0u0FlGWRioyy7Nn0PGAdHxpJZnuO/ut+PpQ8UiHAig==",
      "dev": true,
      "bin": {
        "tsc": "bin/tsc",
        "tsserver": "bin/tsserver"
      },
      "engines": {
        "node": ">=4.2.0"
      }
    },
    "node_modules/yallist": {
      "version": "4.0.0",
      "resolved": "https://registry.npmjs.org/yallist/-/yallist-4.0.0.tgz",
      "integrity": "sha512-3wdGidZyq5PB084XLES5TpOSRA3wjXAlIWMhum2kRcv/41Sn2emQ0dycQW4uZXLejwKvg6EsvbdlVL+FYEct7A==",
      "dev": true
    }
  },
  "dependencies": {
    "@tsconfig/node16": {
      "version": "1.0.3",
      "resolved": "https://registry.npmjs.org/@tsconfig/node16/-/node16-1.0.3.tgz",
      "integrity": "sha512-yOlFc+7UtL/89t2ZhjPvvB/DeAr3r+Dq58IgzsFkOAvVC6NMJXmCGjbptdXdR9qsX7pKcTL+s87FtYREi2dEEQ==",
      "dev": true
    },
    "@types/node": {
      "version": "15.14.9",
      "resolved": "https://registry.npmjs.org/@types/node/-/node-15.14.9.tgz",
      "integrity": "sha512-qjd88DrCxupx/kJD5yQgZdcYKZKSIGBVDIBE1/LTGcNm3d2Np/jxojkdePDdfnBHJc5W7vSMpbJ1aB7p/Py69A==",
      "dev": true
    },
    "ansi-styles": {
      "version": "4.3.0",
      "resolved": "https://registry.npmjs.org/ansi-styles/-/ansi-styles-4.3.0.tgz",
      "integrity": "sha512-zbB9rCJAT1rbjiVDb2hqKFHNYLxgtk8NURxZ3IZwD3F6NtxbXZQCnnSi1Lkx+IDohdPlFp222wVALIheZJQSEg==",
      "dev": true,
      "requires": {
        "color-convert": "^2.0.1"
      }
    },
    "aws-cdk": {
      "version": "2.41.0",
      "resolved": "https://registry.npmjs.org/aws-cdk/-/aws-cdk-2.41.0.tgz",
      "integrity": "sha512-Ubko4X8VcbaLzcXvCQZPKBtgwBq033m5sSWtdrbdlDp7s2J4uWtY6KdO1uYKAvHyWjm7kGVmDyL1Wj1zx3TPUg==",
      "dev": true,
      "requires": {
        "fsevents": "2.3.2"
      }
    },
    "aws-cdk-lib": {
      "version": "2.41.0",
      "resolved": "https://registry.npmjs.org/aws-cdk-lib/-/aws-cdk-lib-2.41.0.tgz",
      "integrity": "sha512-wh6lDaarzb8B+43TMxEBg+yHcXU9omlUGJz9zSdgjrmeQWBV8SD0jIvrERhDFvQLmRY4Vzy7FXxkI0mU+adDHQ==",
      "dev": true,
      "requires": {
        "@balena/dockerignore": "^1.0.2",
        "case": "1.6.3",
        "fs-extra": "^9.1.0",
        "ignore": "^5.2.0",
        "jsonschema": "^1.4.1",
        "minimatch": "^3.1.2",
        "punycode": "^2.1.1",
        "semver": "^7.3.7",
        "yaml": "1.10.2"
      },
      "dependencies": {
        "@balena/dockerignore": {
          "version": "1.0.2",
          "bundled": true,
          "dev": true
        },
        "at-least-node": {
          "version": "1.0.0",
          "bundled": true,
          "dev": true
        },
        "balanced-match": {
          "version": "1.0.2",
          "bundled": true,
          "dev": true
        },
        "brace-expansion": {
          "version": "1.1.11",
          "bundled": true,
          "dev": true,
          "requires": {
            "balanced-match": "^1.0.0",
            "concat-map": "0.0.1"
          }
        },
        "case": {
          "version": "1.6.3",
          "bundled": true,
          "dev": true
        },
        "concat-map": {
          "version": "0.0.1",
          "bundled": true,
          "dev": true
        },
        "fs-extra": {
          "version": "9.1.0",
          "bundled": true,
          "dev": true,
          "requires": {
            "at-least-node": "^1.0.0",
            "graceful-fs": "^4.2.0",
            "jsonfile": "^6.0.1",
            "universalify": "^2.0.0"
          }
        },
        "graceful-fs": {
          "version": "4.2.10",
          "bundled": true,
          "dev": true
        },
        "ignore": {
          "version": "5.2.0",
          "bundled": true,
          "dev": true
        },
        "jsonfile": {
          "version": "6.1.0",
          "bundled": true,
          "dev": true,
          "requires": {
            "graceful-fs": "^4.1.6",
            "universalify": "^2.0.0"
          }
        },
        "jsonschema": {
          "version": "1.4.1",
          "bundled": true,
          "dev": true
        },
        "lru-cache": {
          "version": "6.0.0",
          "bundled": true,
          "dev": true,
          "requires": {
            "yallist": "^4.0.0"
          }
        },
        "minimatch": {
          "version": "3.1.2",
          "bundled": true,
          "dev": true,
          "requires": {
            "brace-expansion": "^1.1.7"
          }
        },
        "punycode": {
          "version": "2.1.1",
          "bundled": true,
          "dev": true
        },
        "semver": {
          "version": "7.3.7",
          "bundled": true,
          "dev": true,
          "requires": {
            "lru-cache": "^6.0.0"
          }
        },
        "universalify": {
          "version": "2.0.0",
          "bundled": true,
          "dev": true
        },
        "yallist": {
          "version": "4.0.0",
          "bundled": true,
          "dev": true
        },
        "yaml": {
          "version": "1.10.2",
          "bundled": true,
          "dev": true
        }
      }
    },
    "braces": {
      "version": "3.0.2",
      "resolved": "https://registry.npmjs.org/braces/-/braces-3.0.2.tgz",
      "integrity": "sha512-b8um+L1RzM3WDSzvhm6gIz1yfTbBt6YTlcEKAvsmqCZZFw46z626lVj9j1yEPW33H5H+lBQpZMP1k8l+78Ha0A==",
      "dev": true,
      "requires": {
        "fill-range": "^7.0.1"
      }
    },
    "chalk": {
      "version": "4.1.2",
      "resolved": "https://registry.npmjs.org/chalk/-/chalk-4.1.2.tgz",
      "integrity": "sha512-oKnbhFyRIXpUuez8iBMmyEa4nbj4IOQyuhc/wy9kY7/WVPcwIO9VA668Pu8RkO7+0G76SLROeyw9CpQ061i4mA==",
      "dev": true,
      "requires": {
        "ansi-styles": "^4.1.0",
        "supports-color": "^7.1.0"
      }
    },
    "child_process": {
      "version": "1.0.2",
      "resolved": "https://registry.npmjs.org/child_process/-/child_process-1.0.2.tgz",
      "integrity": "sha512-Wmza/JzL0SiWz7kl6MhIKT5ceIlnFPJX+lwUGj7Clhy5MMldsSoJR0+uvRzOS5Kv45Mq7t1PoE8TsOA9bzvb6g=="
    },
    "color-convert": {
      "version": "2.0.1",
      "resolved": "https://registry.npmjs.org/color-convert/-/color-convert-2.0.1.tgz",
      "integrity": "sha512-RRECPsj7iu/xb5oKYcsFHSppFNnsj/52OVTRKb4zP5onXwVF3zVmmToNcOfGC+CRDpfK/U584fMg38ZHCaElKQ==",
      "dev": true,
      "requires": {
        "color-name": "~1.1.4"
      }
    },
    "color-name": {
      "version": "1.1.4",
      "resolved": "https://registry.npmjs.org/color-name/-/color-name-1.1.4.tgz",
      "integrity": "sha512-dOy+3AuW3a2wNbZHIuMZpTcgjGuLU/uBL/ubcZF9OXbDo8ff4O8yVp5Bf0efS8uEoYo5q4Fx7dY9OgQGXgAsQA==",
      "dev": true
    },
    "constructs": {
      "version": "10.1.103",
      "resolved": "https://registry.npmjs.org/constructs/-/constructs-10.1.103.tgz",
      "integrity": "sha512-5VUCjVnVdSK+UXujpgUGaR5/Z08U1dipj+4Wga1BPRGh/LAov6IQmX4v42YIRsWKNUnNXx6f7QHHyJK53w3GCg==",
      "dev": true
    },
    "enhanced-resolve": {
      "version": "5.10.0",
      "resolved": "https://registry.npmjs.org/enhanced-resolve/-/enhanced-resolve-5.10.0.tgz",
      "integrity": "sha512-T0yTFjdpldGY8PmuXXR0PyQ1ufZpEGiHVrp7zHKB7jdR4qlmZHhONVM5AQOAWXuF/w3dnHbEQVrNptJgt7F+cQ==",
      "dev": true,
      "requires": {
        "graceful-fs": "^4.2.4",
        "tapable": "^2.2.0"
      }
    },
    "fill-range": {
      "version": "7.0.1",
      "resolved": "https://registry.npmjs.org/fill-range/-/fill-range-7.0.1.tgz",
      "integrity": "sha512-qOo9F+dMUmC2Lcb4BbVvnKJxTPjCm+RRpe4gDuGrzkL7mEVl/djYSu2OdQ2Pa302N4oqkSg9ir6jaLWJ2USVpQ==",
      "dev": true,
      "requires": {
        "to-regex-range": "^5.0.1"
      }
    },
    "fsevents": {
      "version": "2.3.2",
      "resolved": "https://registry.npmjs.org/fsevents/-/fsevents-2.3.2.tgz",
      "integrity": "sha512-xiqMQR4xAeHTuB9uWm+fFRcIOgKBMiOBP+eXiyT7jsgVCq1bkVygt00oASowB7EdtpOHaaPgKt812P9ab+DDKA==",
      "dev": true,
      "optional": true
    },
    "graceful-fs": {
      "version": "4.2.10",
      "resolved": "https://registry.npmjs.org/graceful-fs/-/graceful-fs-4.2.10.tgz",
      "integrity": "sha512-9ByhssR2fPVsNZj478qUUbKfmL0+t5BDVyjShtyZZLiK7ZDAArFFfopyOTj0M05wE2tJPisA4iTnnXl2YoPvOA==",
      "dev": true
    },
    "has-flag": {
      "version": "4.0.0",
      "resolved": "https://registry.npmjs.org/has-flag/-/has-flag-4.0.0.tgz",
      "integrity": "sha512-EykJT/Q1KjTWctppgIAgfSO0tKVuZUjhgMr17kqTumMl6Afv3EISleU7qZUzoXDFTAHTDC4NOoG/ZxU3EvlMPQ==",
      "dev": true
    },
    "is-number": {
      "version": "7.0.0",
      "resolved": "https://registry.npmjs.org/is-number/-/is-number-7.0.0.tgz",
      "integrity": "sha512-41Cifkg6e8TylSpdtTpeLVMqvSBEVzTttHvERD741+pnZ8ANv0004MRL43QKPDlK9cGvNp6NZWZUBlbGXYxxng==",
      "dev": true
    },
    "lru-cache": {
      "version": "6.0.0",
      "resolved": "https://registry.npmjs.org/lru-cache/-/lru-cache-6.0.0.tgz",
      "integrity": "sha512-Jo6dJ04CmSjuznwJSS3pUeWmd/H0ffTlkXXgwZi+eq1UCmqQwCh+eLsYOYCwY991i2Fah4h1BEMCx4qThGbsiA==",
      "dev": true,
      "requires": {
        "yallist": "^4.0.0"
      }
    },
    "micromatch": {
      "version": "4.0.5",
      "resolved": "https://registry.npmjs.org/micromatch/-/micromatch-4.0.5.tgz",
      "integrity": "sha512-DMy+ERcEW2q8Z2Po+WNXuw3c5YaUSFjAO5GsJqfEl7UjvtIuFKO6ZrKvcItdy98dwFI2N1tg3zNIdKaQT+aNdA==",
      "dev": true,
      "requires": {
        "braces": "^3.0.2",
        "picomatch": "^2.3.1"
      }
    },
    "picomatch": {
      "version": "2.3.1",
      "resolved": "https://registry.npmjs.org/picomatch/-/picomatch-2.3.1.tgz",
      "integrity": "sha512-JU3teHTNjmE2VCGFzuY8EXzCDVwEqB2a8fsIvwaStHhAWJEeVd1o1QD80CU6+ZdEXXSLbSsuLwJjkCBWqRQUVA==",
      "dev": true
    },
    "semver": {
      "version": "7.3.7",
      "resolved": "https://registry.npmjs.org/semver/-/semver-7.3.7.tgz",
      "integrity": "sha512-QlYTucUYOews+WeEujDoEGziz4K6c47V/Bd+LjSSYcA94p+DmINdf7ncaUinThfvZyu13lN9OY1XDxt8C0Tw0g==",
      "dev": true,
      "requires": {
        "lru-cache": "^6.0.0"
      }
    },
    "supports-color": {
      "version": "7.2.0",
      "resolved": "https://registry.npmjs.org/supports-color/-/supports-color-7.2.0.tgz",
      "integrity": "sha512-qpCAvRl9stuOHveKsn7HncJRvv501qIacKzQlO/+Lwxc9+0q2wLyv4Dfvt80/DPn2pqOBsJdDiogXGR9+OvwRw==",
      "dev": true,
      "requires": {
        "has-flag": "^4.0.0"
      }
    },
    "tapable": {
      "version": "2.2.1",
      "resolved": "https://registry.npmjs.org/tapable/-/tapable-2.2.1.tgz",
      "integrity": "sha512-GNzQvQTOIP6RyTfE2Qxb8ZVlNmw0n88vp1szwWRimP02mnTsx3Wtn5qRdqY9w2XduFNUgvOwhNnQsjwCp+kqaQ==",
      "dev": true
    },
    "to-regex-range": {
      "version": "5.0.1",
      "resolved": "https://registry.npmjs.org/to-regex-range/-/to-regex-range-5.0.1.tgz",
      "integrity": "sha512-65P7iz6X5yEr1cwcgvQxbbIw7Uk3gOy5dIdtZ4rDveLqhrdJP+Li/Hx6tyK0NEb+2GCyneCMJiGqrADCSNk8sQ==",
      "dev": true,
      "requires": {
        "is-number": "^7.0.0"
      }
    },
    "ts-loader": {
      "version": "9.4.0",
      "resolved": "https://registry.npmjs.org/ts-loader/-/ts-loader-9.4.0.tgz",
      "integrity": "sha512-0G3UMhk1bjgsgiwF4rnZRAeTi69j9XMDtmDDMghGSqlWESIAS3LFgJe//GYfE4vcjbyzuURLB9Us2RZIWp2clQ==",
      "dev": true,
      "requires": {
        "chalk": "^4.1.0",
        "enhanced-resolve": "^5.0.0",
        "micromatch": "^4.0.0",
        "semver": "^7.3.4"
      }
    },
    "typescript": {
      "version": "4.8.3",
      "resolved": "https://registry.npmjs.org/typescript/-/typescript-4.8.3.tgz",
      "integrity": "sha512-goMHfm00nWPa8UvR/CPSvykqf6dVV8x/dp0c5mFTMTIu0u0FlGWRioyy7Nn0PGAdHxpJZnuO/ut+PpQ8UiHAig==",
      "dev": true
    },
    "yallist": {
      "version": "4.0.0",
      "resolved": "https://registry.npmjs.org/yallist/-/yallist-4.0.0.tgz",
      "integrity": "sha512-3wdGidZyq5PB084XLES5TpOSRA3wjXAlIWMhum2kRcv/41Sn2emQ0dycQW4uZXLejwKvg6EsvbdlVL+FYEct7A==",
      "dev": true
    }
  }
}
